
Microsoft Visual Studio Solution File, Format Version 12.00
# Visual Studio 14
VisualStudioVersion = 14.0.25123.0
MinimumVisualStudioVersion = 10.0.40219.1
Project("{C53614A3-A89C-4510-B8CB-881E523AB62B}") = "Sitecore.Support.158128.371959", "Sitecore.Support.158128.371959\Sitecore.Support.158128.371959.csproj", "{111C6B1F-48CC-4819-B323-7FD4681483F7}"
EndProject
Global
	GlobalSection(SolutionConfigurationPlatforms) = preSolution
		Debug|Any CPU = Debug|Any CPU
		Release|Any CPU = Release|Any CPU
	EndGlobalSection
	GlobalSection(ProjectConfigurationPlatforms) = postSolution
		{111C6B1F-48CC-4819-B323-7FD4681483F7}.Debug|Any CPU.ActiveCfg = Debug|Any CPU
		{111C6B1F-48CC-4819-B323-7FD4681483F7}.Debug|Any CPU.Build.0 = Debug|Any CPU
		{111C6B1F-48CC-4819-B323-7FD4681483F7}.Release|Any CPU.ActiveCfg = Release|Any CPU
		{111C6B1F-48CC-4819-B323-7FD4681483F7}.Release|Any CPU.Build.0 = Release|Any CPU
	EndGlobalSection
	GlobalSection(SolutionProperties) = preSolution
		HideSolutionNode = FALSE
	EndGlobalSection
EndGlobal
